
Microsoft Visual Studio Solution File, Format Version 12.00
# Visual Studio Version 17
VisualStudioVersion = 17.5.33516.290
MinimumVisualStudioVersion = 10.0.40219.1
Project("{FAE04EC0-301F-11D3-BF4B-00C04F79EFBC}") = "Cargo", "Cargi\Cargo.csproj", "{000AD523-03B9-47E3-A77A-6642C810AE9F}"
EndProject
Project("{FAE04EC0-301F-11D3-BF4B-00C04F79EFBC}") = "CargoWeb", "CargoWeb\CargoWeb.csproj", "{7568AAB8-0609-42DC-9D39-3BF6D5946E5F}"
EndProject
Global
	GlobalSection(SolutionConfigurationPlatforms) = preSolution
		Debug|Any CPU = Debug|Any CPU
		Release|Any CPU = Release|Any CPU
	EndGlobalSection
	GlobalSection(ProjectConfigurationPlatforms) = postSolution
		{000AD523-03B9-47E3-A77A-6642C810AE9F}.Debug|Any CPU.ActiveCfg = Debug|Any CPU
		{000AD523-03B9-47E3-A77A-6642C810AE9F}.Debug|Any CPU.Build.0 = Debug|Any CPU
		{000AD523-03B9-47E3-A77A-6642C810AE9F}.Release|Any CPU.ActiveCfg = Release|Any CPU
		{000AD523-03B9-47E3-A77A-6642C810AE9F}.Release|Any CPU.Build.0 = Release|Any CPU
		{7568AAB8-0609-42DC-9D39-3BF6D5946E5F}.Debug|Any CPU.ActiveCfg = Debug|Any CPU
		{7568AAB8-0609-42DC-9D39-3BF6D5946E5F}.Debug|Any CPU.Build.0 = Debug|Any CPU
		{7568AAB8-0609-42DC-9D39-3BF6D5946E5F}.Release|Any CPU.ActiveCfg = Release|Any CPU
		{7568AAB8-0609-42DC-9D39-3BF6D5946E5F}.Release|Any CPU.Build.0 = Release|Any CPU
	EndGlobalSection
	GlobalSection(SolutionProperties) = preSolution
		HideSolutionNode = FALSE
	EndGlobalSection
	GlobalSection(ExtensibilityGlobals) = postSolution
		SolutionGuid = {B7C76A42-ED0D-4F7C-8664-C99046CA89EA}
	EndGlobalSection
EndGlobal
